
Microsoft Visual Studio Solution File, Format Version 12.00
# Visual Studio Version 16
VisualStudioVersion = 25.0.1705.0
MinimumVisualStudioVersion = 10.0.40219.1
Project("{FAE04EC0-301F-11D3-BF4B-00C04F79EFBC}") = "Week14OOP", "Week14OOP\Week14OOP.csproj", "{3CF914AF-5E27-488D-A207-88A8F803237C}"
EndProject
Global
	GlobalSection(SolutionConfigurationPlatforms) = preSolution
		Debug|Any CPU = Debug|Any CPU
		Release|Any CPU = Release|Any CPU
	EndGlobalSection
	GlobalSection(ProjectConfigurationPlatforms) = postSolution
		{3CF914AF-5E27-488D-A207-88A8F803237C}.Debug|Any CPU.ActiveCfg = Debug|Any CPU
		{3CF914AF-5E27-488D-A207-88A8F803237C}.Debug|Any CPU.Build.0 = Debug|Any CPU
		{3CF914AF-5E27-488D-A207-88A8F803237C}.Release|Any CPU.ActiveCfg = Release|Any CPU
		{3CF914AF-5E27-488D-A207-88A8F803237C}.Release|Any CPU.Build.0 = Release|Any CPU
	EndGlobalSection
	GlobalSection(SolutionProperties) = preSolution
		HideSolutionNode = FALSE
	EndGlobalSection
	GlobalSection(ExtensibilityGlobals) = postSolution
		SolutionGuid = {7037387C-5642-43B3-9CB5-87AFA713F5FE}
	EndGlobalSection
EndGlobal
